// !$*UTF8*$!
{
	archiveVersion = 1;
	classes = {
	};
	objectVersion = 50;
	objects = {

/* Begin PBXBuildFile section */
		4D19586723C700BC707EC060 /* libPods-Notes.a in Frameworks */ = {isa = PBXBuildFile; fileRef = 1EF50D53DC85343FD5501CDE /* libPods-Notes.a */; };
		B960631D18E04391DB510BCB /* libPods-Notes-NotesUITests.a in Frameworks */ = {isa = PBXBuildFile; fileRef = B7F03C950066E0CD719BEE9B /* libPods-Notes-NotesUITests.a */; };
		C58114317CBE9681D3BBEBED /* libPods-NotesTests.a in Frameworks */ = {isa = PBXBuildFile; fileRef = 68CAFC5E55AF6EE14EB20097 /* libPods-NotesTests.a */; };
		EA6BE55223DB48B200066F39 /* AppDelegate.swift in Sources */ = {isa = PBXBuildFile; fileRef = EA6BE55123DB48B200066F39 /* AppDelegate.swift */; };
		EA6BE55423DB48B200066F39 /* SceneDelegate.swift in Sources */ = {isa = PBXBuildFile; fileRef = EA6BE55323DB48B200066F39 /* SceneDelegate.swift */; };
		EA6BE55623DB48B200066F39 /* ViewController.swift in Sources */ = {isa = PBXBuildFile; fileRef = EA6BE55523DB48B200066F39 /* ViewController.swift */; };
		EA6BE55923DB48B200066F39 /* Main.storyboard in Resources */ = {isa = PBXBuildFile; fileRef = EA6BE55723DB48B200066F39 /* Main.storyboard */; };
		EA6BE55B23DB48B600066F39 /* Assets.xcassets in Resources */ = {isa = PBXBuildFile; fileRef = EA6BE55A23DB48B600066F39 /* Assets.xcassets */; };
		EA6BE55E23DB48B600066F39 /* LaunchScreen.storyboard in Resources */ = {isa = PBXBuildFile; fileRef = EA6BE55C23DB48B600066F39 /* LaunchScreen.storyboard */; };
		EA6BE57423DB48B700066F39 /* NotesUITests.swift in Sources */ = {isa = PBXBuildFile; fileRef = EA6BE57323DB48B700066F39 /* NotesUITests.swift */; };
		EA6BE58323DB4A3500066F39 /* Note.swift in Sources */ = {isa = PBXBuildFile; fileRef = EA6BE58223DB4A3500066F39 /* Note.swift */; };
		EA6BE58623DB4A8A00066F39 /* NoteExtension.swift in Sources */ = {isa = PBXBuildFile; fileRef = EA6BE58523DB4A8A00066F39 /* NoteExtension.swift */; };
		EA6BE58823DB4B0B00066F39 /* FileNotebook.swift in Sources */ = {isa = PBXBuildFile; fileRef = EA6BE58723DB4B0B00066F39 /* FileNotebook.swift */; };
		EA904FBF23E80B59007EC17B /* NoteTests.swift in Sources */ = {isa = PBXBuildFile; fileRef = EA904FBE23E80B59007EC17B /* NoteTests.swift */; };
		EA904FC123E80C5F007EC17B /* NoteExtensionTests.swift in Sources */ = {isa = PBXBuildFile; fileRef = EA904FC023E80C5F007EC17B /* NoteExtensionTests.swift */; };
		EA91D54F23FAE7D70024E259 /* UIColorHexValueExtension.swift in Sources */ = {isa = PBXBuildFile; fileRef = EA91D54E23FAE7D70024E259 /* UIColorHexValueExtension.swift */; };
		EA91D55123FAE82D0024E259 /* UIViewColorAtPointExtension.swift in Sources */ = {isa = PBXBuildFile; fileRef = EA91D55023FAE82D0024E259 /* UIViewColorAtPointExtension.swift */; };
		EA91D55423FB1A820024E259 /* ColorDelegate.swift in Sources */ = {isa = PBXBuildFile; fileRef = EA91D55323FB1A820024E259 /* ColorDelegate.swift */; };
		EA938B7B2402A21100E0DFC6 /* NoteEditViewController.swift in Sources */ = {isa = PBXBuildFile; fileRef = EA938B7A2402A21100E0DFC6 /* NoteEditViewController.swift */; };
		EA938B7D2402A2E000E0DFC6 /* NoteTableViewCell.swift in Sources */ = {isa = PBXBuildFile; fileRef = EA938B7C2402A2E000E0DFC6 /* NoteTableViewCell.swift */; };
		EA938B7F2402A31600E0DFC6 /* NotesTableViewController.swift in Sources */ = {isa = PBXBuildFile; fileRef = EA938B7E2402A31600E0DFC6 /* NotesTableViewController.swift */; };
		EA94269523F1B8190099A2B0 /* ColorPickerViewController.swift in Sources */ = {isa = PBXBuildFile; fileRef = EA94269423F1B8190099A2B0 /* ColorPickerViewController.swift */; };
		EA94269723F1B87A0099A2B0 /* ColorPicker.storyboard in Resources */ = {isa = PBXBuildFile; fileRef = EA94269623F1B87A0099A2B0 /* ColorPicker.storyboard */; };
		EA94519B23F176FF0018718F /* ColorPickerView.swift in Sources */ = {isa = PBXBuildFile; fileRef = EA94519A23F176FF0018718F /* ColorPickerView.swift */; };
		EA94519D23F178310018718F /* ColorSquareView.swift in Sources */ = {isa = PBXBuildFile; fileRef = EA94519C23F178310018718F /* ColorSquareView.swift */; };
/* End PBXBuildFile section */

/* Begin PBXContainerItemProxy section */
		EA6BE56523DB48B700066F39 /* PBXContainerItemProxy */ = {
			isa = PBXContainerItemProxy;
			containerPortal = EA6BE54623DB48B200066F39 /* Project object */;
			proxyType = 1;
			remoteGlobalIDString = EA6BE54D23DB48B200066F39;
			remoteInfo = Notes;
		};
		EA6BE57023DB48B700066F39 /* PBXContainerItemProxy */ = {
			isa = PBXContainerItemProxy;
			containerPortal = EA6BE54623DB48B200066F39 /* Project object */;
			proxyType = 1;
			remoteGlobalIDString = EA6BE54D23DB48B200066F39;
			remoteInfo = Notes;
		};
/* End PBXContainerItemProxy section */

/* Begin PBXFileReference section */
		05E7F489E1C8F6A2C43DF514 /* Pods-Notes.release.xcconfig */ = {isa = PBXFileReference; includeInIndex = 1; lastKnownFileType = text.xcconfig; name = "Pods-Notes.release.xcconfig"; path = "Target Support Files/Pods-Notes/Pods-Notes.release.xcconfig"; sourceTree = "<group>"; };
		0A7EDE1B2F36FB15FB67DD6B /* Pods-NotesTests.release.xcconfig */ = {isa = PBXFileReference; includeInIndex = 1; lastKnownFileType = text.xcconfig; name = "Pods-NotesTests.release.xcconfig"; path = "Target Support Files/Pods-NotesTests/Pods-NotesTests.release.xcconfig"; sourceTree = "<group>"; };
		1EF50D53DC85343FD5501CDE /* libPods-Notes.a */ = {isa = PBXFileReference; explicitFileType = archive.ar; includeInIndex = 0; path = "libPods-Notes.a"; sourceTree = BUILT_PRODUCTS_DIR; };
		3AE393425C3B146AF70357D7 /* Pods-Notes.debug.xcconfig */ = {isa = PBXFileReference; includeInIndex = 1; lastKnownFileType = text.xcconfig; name = "Pods-Notes.debug.xcconfig"; path = "Target Support Files/Pods-Notes/Pods-Notes.debug.xcconfig"; sourceTree = "<group>"; };
		3E74F6C9BF700E57F725B38B /* Pods-Notes-NotesUITests.appmetrica.xcconfig */ = {isa = PBXFileReference; includeInIndex = 1; lastKnownFileType = text.xcconfig; name = "Pods-Notes-NotesUITests.appmetrica.xcconfig"; path = "Target Support Files/Pods-Notes-NotesUITests/Pods-Notes-NotesUITests.appmetrica.xcconfig"; sourceTree = "<group>"; };
		519D42E7D124A281EB97EB30 /* Pods-Notes.appmetrica.xcconfig */ = {isa = PBXFileReference; includeInIndex = 1; lastKnownFileType = text.xcconfig; name = "Pods-Notes.appmetrica.xcconfig"; path = "Target Support Files/Pods-Notes/Pods-Notes.appmetrica.xcconfig"; sourceTree = "<group>"; };
		68CAFC5E55AF6EE14EB20097 /* libPods-NotesTests.a */ = {isa = PBXFileReference; explicitFileType = archive.ar; includeInIndex = 0; path = "libPods-NotesTests.a"; sourceTree = BUILT_PRODUCTS_DIR; };
		80CF71BFFDF7486FA9773D5A /* Pods-NotesTests.appmetrica.xcconfig */ = {isa = PBXFileReference; includeInIndex = 1; lastKnownFileType = text.xcconfig; name = "Pods-NotesTests.appmetrica.xcconfig"; path = "Target Support Files/Pods-NotesTests/Pods-NotesTests.appmetrica.xcconfig"; sourceTree = "<group>"; };
		99045DDC59FEBECEA5BBE616 /* Pods-Notes-NotesUITests.debug.xcconfig */ = {isa = PBXFileReference; includeInIndex = 1; lastKnownFileType = text.xcconfig; name = "Pods-Notes-NotesUITests.debug.xcconfig"; path = "Target Support Files/Pods-Notes-NotesUITests/Pods-Notes-NotesUITests.debug.xcconfig"; sourceTree = "<group>"; };
		B7F03C950066E0CD719BEE9B /* libPods-Notes-NotesUITests.a */ = {isa = PBXFileReference; explicitFileType = archive.ar; includeInIndex = 0; path = "libPods-Notes-NotesUITests.a"; sourceTree = BUILT_PRODUCTS_DIR; };
		BD3EA4635A558DE6117A3092 /* Pods-Notes-NotesUITests.release.xcconfig */ = {isa = PBXFileReference; includeInIndex = 1; lastKnownFileType = text.xcconfig; name = "Pods-Notes-NotesUITests.release.xcconfig"; path = "Target Support Files/Pods-Notes-NotesUITests/Pods-Notes-NotesUITests.release.xcconfig"; sourceTree = "<group>"; };
		DC65C339A74B98CEDEB8F5DA /* Pods-NotesTests.debug.xcconfig */ = {isa = PBXFileReference; includeInIndex = 1; lastKnownFileType = text.xcconfig; name = "Pods-NotesTests.debug.xcconfig"; path = "Target Support Files/Pods-NotesTests/Pods-NotesTests.debug.xcconfig"; sourceTree = "<group>"; };
		EA6BE54E23DB48B200066F39 /* Notes.app */ = {isa = PBXFileReference; explicitFileType = wrapper.application; includeInIndex = 0; path = Notes.app; sourceTree = BUILT_PRODUCTS_DIR; };
		EA6BE55123DB48B200066F39 /* AppDelegate.swift */ = {isa = PBXFileReference; lastKnownFileType = sourcecode.swift; path = AppDelegate.swift; sourceTree = "<group>"; };
		EA6BE55323DB48B200066F39 /* SceneDelegate.swift */ = {isa = PBXFileReference; lastKnownFileType = sourcecode.swift; path = SceneDelegate.swift; sourceTree = "<group>"; };
		EA6BE55523DB48B200066F39 /* ViewController.swift */ = {isa = PBXFileReference; lastKnownFileType = sourcecode.swift; path = ViewController.swift; sourceTree = "<group>"; };
		EA6BE55823DB48B200066F39 /* Base */ = {isa = PBXFileReference; lastKnownFileType = file.storyboard; name = Base; path = Base.lproj/Main.storyboard; sourceTree = "<group>"; };
		EA6BE55A23DB48B600066F39 /* Assets.xcassets */ = {isa = PBXFileReference; lastKnownFileType = folder.assetcatalog; path = Assets.xcassets; sourceTree = "<group>"; };
		EA6BE55D23DB48B600066F39 /* Base */ = {isa = PBXFileReference; lastKnownFileType = file.storyboard; name = Base; path = Base.lproj/LaunchScreen.storyboard; sourceTree = "<group>"; };
		EA6BE55F23DB48B600066F39 /* Info.plist */ = {isa = PBXFileReference; lastKnownFileType = text.plist.xml; path = Info.plist; sourceTree = "<group>"; };
		EA6BE56423DB48B700066F39 /* NotesTests.xctest */ = {isa = PBXFileReference; explicitFileType = wrapper.cfbundle; includeInIndex = 0; path = NotesTests.xctest; sourceTree = BUILT_PRODUCTS_DIR; };
		EA6BE56A23DB48B700066F39 /* Info.plist */ = {isa = PBXFileReference; lastKnownFileType = text.plist.xml; path = Info.plist; sourceTree = "<group>"; };
		EA6BE56F23DB48B700066F39 /* NotesUITests.xctest */ = {isa = PBXFileReference; explicitFileType = wrapper.cfbundle; includeInIndex = 0; path = NotesUITests.xctest; sourceTree = BUILT_PRODUCTS_DIR; };
		EA6BE57323DB48B700066F39 /* NotesUITests.swift */ = {isa = PBXFileReference; lastKnownFileType = sourcecode.swift; path = NotesUITests.swift; sourceTree = "<group>"; };
		EA6BE57523DB48B700066F39 /* Info.plist */ = {isa = PBXFileReference; lastKnownFileType = text.plist.xml; path = Info.plist; sourceTree = "<group>"; };
		EA6BE58223DB4A3500066F39 /* Note.swift */ = {isa = PBXFileReference; lastKnownFileType = sourcecode.swift; path = Note.swift; sourceTree = "<group>"; };
		EA6BE58523DB4A8A00066F39 /* NoteExtension.swift */ = {isa = PBXFileReference; lastKnownFileType = sourcecode.swift; path = NoteExtension.swift; sourceTree = "<group>"; };
		EA6BE58723DB4B0B00066F39 /* FileNotebook.swift */ = {isa = PBXFileReference; lastKnownFileType = sourcecode.swift; path = FileNotebook.swift; sourceTree = "<group>"; };
		EA904FBE23E80B59007EC17B /* NoteTests.swift */ = {isa = PBXFileReference; lastKnownFileType = sourcecode.swift; path = NoteTests.swift; sourceTree = "<group>"; };
		EA904FC023E80C5F007EC17B /* NoteExtensionTests.swift */ = {isa = PBXFileReference; lastKnownFileType = sourcecode.swift; path = NoteExtensionTests.swift; sourceTree = "<group>"; };
		EA91D54E23FAE7D70024E259 /* UIColorHexValueExtension.swift */ = {isa = PBXFileReference; lastKnownFileType = sourcecode.swift; path = UIColorHexValueExtension.swift; sourceTree = "<group>"; };
		EA91D55023FAE82D0024E259 /* UIViewColorAtPointExtension.swift */ = {isa = PBXFileReference; lastKnownFileType = sourcecode.swift; path = UIViewColorAtPointExtension.swift; sourceTree = "<group>"; };
		EA91D55323FB1A820024E259 /* ColorDelegate.swift */ = {isa = PBXFileReference; lastKnownFileType = sourcecode.swift; path = ColorDelegate.swift; sourceTree = "<group>"; };
		EA938B7A2402A21100E0DFC6 /* NoteEditViewController.swift */ = {isa = PBXFileReference; lastKnownFileType = sourcecode.swift; path = NoteEditViewController.swift; sourceTree = "<group>"; };
		EA938B7C2402A2E000E0DFC6 /* NoteTableViewCell.swift */ = {isa = PBXFileReference; lastKnownFileType = sourcecode.swift; path = NoteTableViewCell.swift; sourceTree = "<group>"; };
		EA938B7E2402A31600E0DFC6 /* NotesTableViewController.swift */ = {isa = PBXFileReference; lastKnownFileType = sourcecode.swift; path = NotesTableViewController.swift; sourceTree = "<group>"; };
		EA94269423F1B8190099A2B0 /* ColorPickerViewController.swift */ = {isa = PBXFileReference; lastKnownFileType = sourcecode.swift; path = ColorPickerViewController.swift; sourceTree = "<group>"; };
		EA94269623F1B87A0099A2B0 /* ColorPicker.storyboard */ = {isa = PBXFileReference; lastKnownFileType = file.storyboard; path = ColorPicker.storyboard; sourceTree = "<group>"; };
		EA94519A23F176FF0018718F /* ColorPickerView.swift */ = {isa = PBXFileReference; lastKnownFileType = sourcecode.swift; path = ColorPickerView.swift; sourceTree = "<group>"; };
		EA94519C23F178310018718F /* ColorSquareView.swift */ = {isa = PBXFileReference; lastKnownFileType = sourcecode.swift; path = ColorSquareView.swift; sourceTree = "<group>"; };
/* End PBXFileReference section */

/* Begin PBXFrameworksBuildPhase section */
		EA6BE54B23DB48B200066F39 /* Frameworks */ = {
			isa = PBXFrameworksBuildPhase;
			buildActionMask = 2147483647;
			files = (
				4D19586723C700BC707EC060 /* libPods-Notes.a in Frameworks */,
			);
			runOnlyForDeploymentPostprocessing = 0;
		};
		EA6BE56123DB48B700066F39 /* Frameworks */ = {
			isa = PBXFrameworksBuildPhase;
			buildActionMask = 2147483647;
			files = (
				C58114317CBE9681D3BBEBED /* libPods-NotesTests.a in Frameworks */,
			);
			runOnlyForDeploymentPostprocessing = 0;
		};
		EA6BE56C23DB48B700066F39 /* Frameworks */ = {
			isa = PBXFrameworksBuildPhase;
			buildActionMask = 2147483647;
			files = (
				B960631D18E04391DB510BCB /* libPods-Notes-NotesUITests.a in Frameworks */,
			);
			runOnlyForDeploymentPostprocessing = 0;
		};
/* End PBXFrameworksBuildPhase section */

/* Begin PBXGroup section */
		A617686C56EBED519DA348EB /* Frameworks */ = {
			isa = PBXGroup;
			children = (
				1EF50D53DC85343FD5501CDE /* libPods-Notes.a */,
				B7F03C950066E0CD719BEE9B /* libPods-Notes-NotesUITests.a */,
				68CAFC5E55AF6EE14EB20097 /* libPods-NotesTests.a */,
			);
			name = Frameworks;
			sourceTree = "<group>";
		};
		E6BDA943A48B38AD368B8F97 /* Pods */ = {
			isa = PBXGroup;
			children = (
				3AE393425C3B146AF70357D7 /* Pods-Notes.debug.xcconfig */,
				05E7F489E1C8F6A2C43DF514 /* Pods-Notes.release.xcconfig */,
				519D42E7D124A281EB97EB30 /* Pods-Notes.appmetrica.xcconfig */,
				99045DDC59FEBECEA5BBE616 /* Pods-Notes-NotesUITests.debug.xcconfig */,
				BD3EA4635A558DE6117A3092 /* Pods-Notes-NotesUITests.release.xcconfig */,
				3E74F6C9BF700E57F725B38B /* Pods-Notes-NotesUITests.appmetrica.xcconfig */,
				DC65C339A74B98CEDEB8F5DA /* Pods-NotesTests.debug.xcconfig */,
				0A7EDE1B2F36FB15FB67DD6B /* Pods-NotesTests.release.xcconfig */,
				80CF71BFFDF7486FA9773D5A /* Pods-NotesTests.appmetrica.xcconfig */,
			);
			path = Pods;
			sourceTree = "<group>";
		};
		EA4C206D23EED8D100DB4015 /* ColorPicker */ = {
			isa = PBXGroup;
			children = (
				EA94519A23F176FF0018718F /* ColorPickerView.swift */,
				EA94269423F1B8190099A2B0 /* ColorPickerViewController.swift */,
				EA94269623F1B87A0099A2B0 /* ColorPicker.storyboard */,
			);
			path = ColorPicker;
			sourceTree = "<group>";
		};
		EA6BE54523DB48B200066F39 = {
			isa = PBXGroup;
			children = (
				EA6BE55023DB48B200066F39 /* Notes */,
				EA6BE56723DB48B700066F39 /* NotesTests */,
				EA6BE57223DB48B700066F39 /* NotesUITests */,
				EA6BE54F23DB48B200066F39 /* Products */,
				E6BDA943A48B38AD368B8F97 /* Pods */,
				A617686C56EBED519DA348EB /* Frameworks */,
			);
			sourceTree = "<group>";
		};
		EA6BE54F23DB48B200066F39 /* Products */ = {
			isa = PBXGroup;
			children = (
				EA6BE54E23DB48B200066F39 /* Notes.app */,
				EA6BE56423DB48B700066F39 /* NotesTests.xctest */,
				EA6BE56F23DB48B700066F39 /* NotesUITests.xctest */,
			);
			name = Products;
			sourceTree = "<group>";
		};
		EA6BE55023DB48B200066F39 /* Notes */ = {
			isa = PBXGroup;
			children = (
				EA938B792402A1DA00E0DFC6 /* NoteTab */,
				EA91D55223FB1A700024E259 /* Delegate */,
				EA91D54D23FAE7B30024E259 /* Extension */,
				EA94519923F176910018718F /* View */,
				EA4C206D23EED8D100DB4015 /* ColorPicker */,
				EA6BE58123DB495100066F39 /* Model */,
				EA6BE55123DB48B200066F39 /* AppDelegate.swift */,
				EA6BE55323DB48B200066F39 /* SceneDelegate.swift */,
				EA6BE55523DB48B200066F39 /* ViewController.swift */,
				EA6BE55723DB48B200066F39 /* Main.storyboard */,
				EA6BE55A23DB48B600066F39 /* Assets.xcassets */,
				EA6BE55C23DB48B600066F39 /* LaunchScreen.storyboard */,
				EA6BE55F23DB48B600066F39 /* Info.plist */,
			);
			path = Notes;
			sourceTree = "<group>";
		};
		EA6BE56723DB48B700066F39 /* NotesTests */ = {
			isa = PBXGroup;
			children = (
				EA6BE56A23DB48B700066F39 /* Info.plist */,
				EA904FBE23E80B59007EC17B /* NoteTests.swift */,
				EA904FC023E80C5F007EC17B /* NoteExtensionTests.swift */,
			);
			path = NotesTests;
			sourceTree = "<group>";
		};
		EA6BE57223DB48B700066F39 /* NotesUITests */ = {
			isa = PBXGroup;
			children = (
				EA6BE57323DB48B700066F39 /* NotesUITests.swift */,
				EA6BE57523DB48B700066F39 /* Info.plist */,
			);
			path = NotesUITests;
			sourceTree = "<group>";
		};
		EA6BE58123DB495100066F39 /* Model */ = {
			isa = PBXGroup;
			children = (
				EA6BE58523DB4A8A00066F39 /* NoteExtension.swift */,
				EA6BE58223DB4A3500066F39 /* Note.swift */,
				EA6BE58723DB4B0B00066F39 /* FileNotebook.swift */,
			);
			path = Model;
			sourceTree = "<group>";
		};
		EA91D54D23FAE7B30024E259 /* Extension */ = {
			isa = PBXGroup;
			children = (
				EA91D54E23FAE7D70024E259 /* UIColorHexValueExtension.swift */,
				EA91D55023FAE82D0024E259 /* UIViewColorAtPointExtension.swift */,
			);
			path = Extension;
			sourceTree = "<group>";
		};
		EA91D55223FB1A700024E259 /* Delegate */ = {
			isa = PBXGroup;
			children = (
				EA91D55323FB1A820024E259 /* ColorDelegate.swift */,
			);
			path = Delegate;
			sourceTree = "<group>";
		};
		EA938B792402A1DA00E0DFC6 /* NoteTab */ = {
			isa = PBXGroup;
			children = (
				EA938B7A2402A21100E0DFC6 /* NoteEditViewController.swift */,
				EA938B7C2402A2E000E0DFC6 /* NoteTableViewCell.swift */,
				EA938B7E2402A31600E0DFC6 /* NotesTableViewController.swift */,
			);
			path = NoteTab;
			sourceTree = "<group>";
		};
		EA94519923F176910018718F /* View */ = {
			isa = PBXGroup;
			children = (
				EA94519C23F178310018718F /* ColorSquareView.swift */,
			);
			path = View;
			sourceTree = "<group>";
		};
/* End PBXGroup section */

/* Begin PBXNativeTarget section */
		EA6BE54D23DB48B200066F39 /* Notes */ = {
			isa = PBXNativeTarget;
			buildConfigurationList = EA6BE57823DB48B700066F39 /* Build configuration list for PBXNativeTarget "Notes" */;
			buildPhases = (
				024B1065C9DDEDF6AD1BDC8E /* [CP] Check Pods Manifest.lock */,
				EA6BE54A23DB48B200066F39 /* Sources */,
				EA6BE54B23DB48B200066F39 /* Frameworks */,
				EA6BE54C23DB48B200066F39 /* Resources */,
			);
			buildRules = (
			);
			dependencies = (
			);
			name = Notes;
			productName = Notes;
			productReference = EA6BE54E23DB48B200066F39 /* Notes.app */;
			productType = "com.apple.product-type.application";
		};
		EA6BE56323DB48B700066F39 /* NotesTests */ = {
			isa = PBXNativeTarget;
			buildConfigurationList = EA6BE57B23DB48B700066F39 /* Build configuration list for PBXNativeTarget "NotesTests" */;
			buildPhases = (
				C118CC76F628BE1C0F20D101 /* [CP] Check Pods Manifest.lock */,
				EA6BE56023DB48B700066F39 /* Sources */,
				EA6BE56123DB48B700066F39 /* Frameworks */,
				EA6BE56223DB48B700066F39 /* Resources */,
			);
			buildRules = (
			);
			dependencies = (
				EA6BE56623DB48B700066F39 /* PBXTargetDependency */,
			);
			name = NotesTests;
			productName = NotesTests;
			productReference = EA6BE56423DB48B700066F39 /* NotesTests.xctest */;
			productType = "com.apple.product-type.bundle.unit-test";
		};
		EA6BE56E23DB48B700066F39 /* NotesUITests */ = {
			isa = PBXNativeTarget;
			buildConfigurationList = EA6BE57E23DB48B700066F39 /* Build configuration list for PBXNativeTarget "NotesUITests" */;
			buildPhases = (
				89C5D9D78688B19C83BDD690 /* [CP] Check Pods Manifest.lock */,
				EA6BE56B23DB48B700066F39 /* Sources */,
				EA6BE56C23DB48B700066F39 /* Frameworks */,
				EA6BE56D23DB48B700066F39 /* Resources */,
			);
			buildRules = (
			);
			dependencies = (
				EA6BE57123DB48B700066F39 /* PBXTargetDependency */,
			);
			name = NotesUITests;
			productName = NotesUITests;
			productReference = EA6BE56F23DB48B700066F39 /* NotesUITests.xctest */;
			productType = "com.apple.product-type.bundle.ui-testing";
		};
/* End PBXNativeTarget section */

/* Begin PBXProject section */
		EA6BE54623DB48B200066F39 /* Project object */ = {
			isa = PBXProject;
			attributes = {
				LastSwiftUpdateCheck = 1130;
				LastUpgradeCheck = 1130;
				ORGANIZATIONNAME = "Денис Домашевич";
				TargetAttributes = {
					EA6BE54D23DB48B200066F39 = {
						CreatedOnToolsVersion = 11.3;
					};
					EA6BE56323DB48B700066F39 = {
						CreatedOnToolsVersion = 11.3;
						TestTargetID = EA6BE54D23DB48B200066F39;
					};
					EA6BE56E23DB48B700066F39 = {
						CreatedOnToolsVersion = 11.3;
						TestTargetID = EA6BE54D23DB48B200066F39;
					};
				};
			};
			buildConfigurationList = EA6BE54923DB48B200066F39 /* Build configuration list for PBXProject "Notes" */;
			compatibilityVersion = "Xcode 9.3";
			developmentRegion = en;
			hasScannedForEncodings = 0;
			knownRegions = (
				en,
				Base,
			);
			mainGroup = EA6BE54523DB48B200066F39;
			productRefGroup = EA6BE54F23DB48B200066F39 /* Products */;
			projectDirPath = "";
			projectRoot = "";
			targets = (
				EA6BE54D23DB48B200066F39 /* Notes */,
				EA6BE56323DB48B700066F39 /* NotesTests */,
				EA6BE56E23DB48B700066F39 /* NotesUITests */,
			);
		};
/* End PBXProject section */

/* Begin PBXResourcesBuildPhase section */
		EA6BE54C23DB48B200066F39 /* Resources */ = {
			isa = PBXResourcesBuildPhase;
			buildActionMask = 2147483647;
			files = (
				EA6BE55E23DB48B600066F39 /* LaunchScreen.storyboard in Resources */,
				EA6BE55B23DB48B600066F39 /* Assets.xcassets in Resources */,
				EA94269723F1B87A0099A2B0 /* ColorPicker.storyboard in Resources */,
				EA6BE55923DB48B200066F39 /* Main.storyboard in Resources */,
			);
			runOnlyForDeploymentPostprocessing = 0;
		};
		EA6BE56223DB48B700066F39 /* Resources */ = {
			isa = PBXResourcesBuildPhase;
			buildActionMask = 2147483647;
			files = (
			);
			runOnlyForDeploymentPostprocessing = 0;
		};
		EA6BE56D23DB48B700066F39 /* Resources */ = {
			isa = PBXResourcesBuildPhase;
			buildActionMask = 2147483647;
			files = (
			);
			runOnlyForDeploymentPostprocessing = 0;
		};
/* End PBXResourcesBuildPhase section */

/* Begin PBXShellScriptBuildPhase section */
		024B1065C9DDEDF6AD1BDC8E /* [CP] Check Pods Manifest.lock */ = {
			isa = PBXShellScriptBuildPhase;
			buildActionMask = 2147483647;
			files = (
			);
			inputFileListPaths = (
			);
			inputPaths = (
				"${PODS_PODFILE_DIR_PATH}/Podfile.lock",
				"${PODS_ROOT}/Manifest.lock",
			);
			name = "[CP] Check Pods Manifest.lock";
			outputFileListPaths = (
			);
			outputPaths = (
				"$(DERIVED_FILE_DIR)/Pods-Notes-checkManifestLockResult.txt",
			);
			runOnlyForDeploymentPostprocessing = 0;
			shellPath = /bin/sh;
			shellScript = "diff \"${PODS_PODFILE_DIR_PATH}/Podfile.lock\" \"${PODS_ROOT}/Manifest.lock\" > /dev/null\nif [ $? != 0 ] ; then\n    # print error to STDERR\n    echo \"error: The sandbox is not in sync with the Podfile.lock. Run 'pod install' or update your CocoaPods installation.\" >&2\n    exit 1\nfi\n# This output is used by Xcode 'outputs' to avoid re-running this script phase.\necho \"SUCCESS\" > \"${SCRIPT_OUTPUT_FILE_0}\"\n";
			showEnvVarsInLog = 0;
		};
		89C5D9D78688B19C83BDD690 /* [CP] Check Pods Manifest.lock */ = {
			isa = PBXShellScriptBuildPhase;
			buildActionMask = 2147483647;
			files = (
			);
			inputFileListPaths = (
			);
			inputPaths = (
				"${PODS_PODFILE_DIR_PATH}/Podfile.lock",
				"${PODS_ROOT}/Manifest.lock",
			);
			name = "[CP] Check Pods Manifest.lock";
			outputFileListPaths = (
			);
			outputPaths = (
				"$(DERIVED_FILE_DIR)/Pods-Notes-NotesUITests-checkManifestLockResult.txt",
			);
			runOnlyForDeploymentPostprocessing = 0;
			shellPath = /bin/sh;
			shellScript = "diff \"${PODS_PODFILE_DIR_PATH}/Podfile.lock\" \"${PODS_ROOT}/Manifest.lock\" > /dev/null\nif [ $? != 0 ] ; then\n    # print error to STDERR\n    echo \"error: The sandbox is not in sync with the Podfile.lock. Run 'pod install' or update your CocoaPods installation.\" >&2\n    exit 1\nfi\n# This output is used by Xcode 'outputs' to avoid re-running this script phase.\necho \"SUCCESS\" > \"${SCRIPT_OUTPUT_FILE_0}\"\n";
			showEnvVarsInLog = 0;
		};
		C118CC76F628BE1C0F20D101 /* [CP] Check Pods Manifest.lock */ = {
			isa = PBXShellScriptBuildPhase;
			buildActionMask = 2147483647;
			files = (
			);
			inputFileListPaths = (
			);
			inputPaths = (
				"${PODS_PODFILE_DIR_PATH}/Podfile.lock",
				"${PODS_ROOT}/Manifest.lock",
			);
			name = "[CP] Check Pods Manifest.lock";
			outputFileListPaths = (
			);
			outputPaths = (
				"$(DERIVED_FILE_DIR)/Pods-NotesTests-checkManifestLockResult.txt",
			);
			runOnlyForDeploymentPostprocessing = 0;
			shellPath = /bin/sh;
			shellScript = "diff \"${PODS_PODFILE_DIR_PATH}/Podfile.lock\" \"${PODS_ROOT}/Manifest.lock\" > /dev/null\nif [ $? != 0 ] ; then\n    # print error to STDERR\n    echo \"error: The sandbox is not in sync with the Podfile.lock. Run 'pod install' or update your CocoaPods installation.\" >&2\n    exit 1\nfi\n# This output is used by Xcode 'outputs' to avoid re-running this script phase.\necho \"SUCCESS\" > \"${SCRIPT_OUTPUT_FILE_0}\"\n";
			showEnvVarsInLog = 0;
		};
/* End PBXShellScriptBuildPhase section */

/* Begin PBXSourcesBuildPhase section */
		EA6BE54A23DB48B200066F39 /* Sources */ = {
			isa = PBXSourcesBuildPhase;
			buildActionMask = 2147483647;
			files = (
				EA6BE58823DB4B0B00066F39 /* FileNotebook.swift in Sources */,
				EA6BE58623DB4A8A00066F39 /* NoteExtension.swift in Sources */,
				EA94269523F1B8190099A2B0 /* ColorPickerViewController.swift in Sources */,
				EA938B7B2402A21100E0DFC6 /* NoteEditViewController.swift in Sources */,
				EA6BE55623DB48B200066F39 /* ViewController.swift in Sources */,
				EA938B7D2402A2E000E0DFC6 /* NoteTableViewCell.swift in Sources */,
				EA94519D23F178310018718F /* ColorSquareView.swift in Sources */,
				EA91D54F23FAE7D70024E259 /* UIColorHexValueExtension.swift in Sources */,
				EA94519B23F176FF0018718F /* ColorPickerView.swift in Sources */,
				EA91D55123FAE82D0024E259 /* UIViewColorAtPointExtension.swift in Sources */,
				EA91D55423FB1A820024E259 /* ColorDelegate.swift in Sources */,
				EA6BE55223DB48B200066F39 /* AppDelegate.swift in Sources */,
				EA6BE55423DB48B200066F39 /* SceneDelegate.swift in Sources */,
				EA6BE58323DB4A3500066F39 /* Note.swift in Sources */,
				EA938B7F2402A31600E0DFC6 /* NotesTableViewController.swift in Sources */,
			);
			runOnlyForDeploymentPostprocessing = 0;
		};
		EA6BE56023DB48B700066F39 /* Sources */ = {
			isa = PBXSourcesBuildPhase;
			buildActionMask = 2147483647;
			files = (
				EA904FC123E80C5F007EC17B /* NoteExtensionTests.swift in Sources */,
				EA904FBF23E80B59007EC17B /* NoteTests.swift in Sources */,
			);
			runOnlyForDeploymentPostprocessing = 0;
		};
		EA6BE56B23DB48B700066F39 /* Sources */ = {
			isa = PBXSourcesBuildPhase;
			buildActionMask = 2147483647;
			files = (
				EA6BE57423DB48B700066F39 /* NotesUITests.swift in Sources */,
			);
			runOnlyForDeploymentPostprocessing = 0;
		};
/* End PBXSourcesBuildPhase section */

/* Begin PBXTargetDependency section */
		EA6BE56623DB48B700066F39 /* PBXTargetDependency */ = {
			isa = PBXTargetDependency;
			target = EA6BE54D23DB48B200066F39 /* Notes */;
			targetProxy = EA6BE56523DB48B700066F39 /* PBXContainerItemProxy */;
		};
		EA6BE57123DB48B700066F39 /* PBXTargetDependency */ = {
			isa = PBXTargetDependency;
			target = EA6BE54D23DB48B200066F39 /* Notes */;
			targetProxy = EA6BE57023DB48B700066F39 /* PBXContainerItemProxy */;
		};
/* End PBXTargetDependency section */

/* Begin PBXVariantGroup section */
		EA6BE55723DB48B200066F39 /* Main.storyboard */ = {
			isa = PBXVariantGroup;
			children = (
				EA6BE55823DB48B200066F39 /* Base */,
			);
			name = Main.storyboard;
			sourceTree = "<group>";
		};
		EA6BE55C23DB48B600066F39 /* LaunchScreen.storyboard */ = {
			isa = PBXVariantGroup;
			children = (
				EA6BE55D23DB48B600066F39 /* Base */,
			);
			name = LaunchScreen.storyboard;
			sourceTree = "<group>";
		};
/* End PBXVariantGroup section */

/* Begin XCBuildConfiguration section */
		EA3D5EC123E98B2600F10BA2 /* AppMetrica */ = {
			isa = XCBuildConfiguration;
			buildSettings = {
				ALWAYS_SEARCH_USER_PATHS = NO;
				CLANG_ANALYZER_NONNULL = YES;
				CLANG_ANALYZER_NUMBER_OBJECT_CONVERSION = YES_AGGRESSIVE;
				CLANG_CXX_LANGUAGE_STANDARD = "gnu++14";
				CLANG_CXX_LIBRARY = "libc++";
				CLANG_ENABLE_MODULES = YES;
				CLANG_ENABLE_OBJC_ARC = YES;
				CLANG_ENABLE_OBJC_WEAK = YES;
				CLANG_WARN_BLOCK_CAPTURE_AUTORELEASING = YES;
				CLANG_WARN_BOOL_CONVERSION = YES;
				CLANG_WARN_COMMA = YES;
				CLANG_WARN_CONSTANT_CONVERSION = YES;
				CLANG_WARN_DEPRECATED_OBJC_IMPLEMENTATIONS = YES;
				CLANG_WARN_DIRECT_OBJC_ISA_USAGE = YES_ERROR;
				CLANG_WARN_DOCUMENTATION_COMMENTS = YES;
				CLANG_WARN_EMPTY_BODY = YES;
				CLANG_WARN_ENUM_CONVERSION = YES;
				CLANG_WARN_INFINITE_RECURSION = YES;
				CLANG_WARN_INT_CONVERSION = YES;
				CLANG_WARN_NON_LITERAL_NULL_CONVERSION = YES;
				CLANG_WARN_OBJC_IMPLICIT_RETAIN_SELF = YES;
				CLANG_WARN_OBJC_LITERAL_CONVERSION = YES;
				CLANG_WARN_OBJC_ROOT_CLASS = YES_ERROR;
				CLANG_WARN_RANGE_LOOP_ANALYSIS = YES;
				CLANG_WARN_STRICT_PROTOTYPES = YES;
				CLANG_WARN_SUSPICIOUS_MOVE = YES;
				CLANG_WARN_UNGUARDED_AVAILABILITY = YES_AGGRESSIVE;
				CLANG_WARN_UNREACHABLE_CODE = YES;
				CLANG_WARN__DUPLICATE_METHOD_MATCH = YES;
				COPY_PHASE_STRIP = NO;
				DEBUG_INFORMATION_FORMAT = "dwarf-with-dsym";
				ENABLE_NS_ASSERTIONS = NO;
				ENABLE_STRICT_OBJC_MSGSEND = YES;
				GCC_C_LANGUAGE_STANDARD = gnu11;
				GCC_NO_COMMON_BLOCKS = YES;
				GCC_WARN_64_TO_32_BIT_CONVERSION = YES;
				GCC_WARN_ABOUT_RETURN_TYPE = YES_ERROR;
				GCC_WARN_UNDECLARED_SELECTOR = YES;
				GCC_WARN_UNINITIALIZED_AUTOS = YES_AGGRESSIVE;
				GCC_WARN_UNUSED_FUNCTION = YES;
				GCC_WARN_UNUSED_VARIABLE = YES;
				IPHONEOS_DEPLOYMENT_TARGET = 13.2;
				MTL_ENABLE_DEBUG_INFO = NO;
				MTL_FAST_MATH = YES;
				ONLY_ACTIVE_ARCH = NO;
				SDKROOT = iphoneos;
				SWIFT_COMPILATION_MODE = wholemodule;
				SWIFT_OPTIMIZATION_LEVEL = "-O";
				VALIDATE_PRODUCT = YES;
			};
			name = AppMetrica;
		};
		EA3D5EC223E98B2600F10BA2 /* AppMetrica */ = {
			isa = XCBuildConfiguration;
			baseConfigurationReference = 519D42E7D124A281EB97EB30 /* Pods-Notes.appmetrica.xcconfig */;
			buildSettings = {
				ASSETCATALOG_COMPILER_APPICON_NAME = AppIcon;
				CODE_SIGN_STYLE = Automatic;
				INFOPLIST_FILE = Notes/Info.plist;
				LD_RUNPATH_SEARCH_PATHS = (
					"$(inherited)",
					"@executable_path/Frameworks",
				);
				ONLY_ACTIVE_ARCH = NO;
				PRODUCT_BUNDLE_IDENTIFIER = Magneet.Notes;
				PRODUCT_NAME = "$(TARGET_NAME)";
				SWIFT_VERSION = 5.0;
				TARGETED_DEVICE_FAMILY = 1;
			};
			name = AppMetrica;
		};
		EA3D5EC323E98B2600F10BA2 /* AppMetrica */ = {
			isa = XCBuildConfiguration;
			baseConfigurationReference = 80CF71BFFDF7486FA9773D5A /* Pods-NotesTests.appmetrica.xcconfig */;
			buildSettings = {
				ALWAYS_EMBED_SWIFT_STANDARD_LIBRARIES = YES;
				BUNDLE_LOADER = "$(TEST_HOST)";
				CODE_SIGN_STYLE = Automatic;
				INFOPLIST_FILE = NotesTests/Info.plist;
				IPHONEOS_DEPLOYMENT_TARGET = 13.2;
				LD_RUNPATH_SEARCH_PATHS = (
					"$(inherited)",
					"@executable_path/Frameworks",
					"@loader_path/Frameworks",
				);
				PRODUCT_BUNDLE_IDENTIFIER = Magneet.NotesTests;
				PRODUCT_NAME = "$(TARGET_NAME)";
				SWIFT_VERSION = 5.0;
				TARGETED_DEVICE_FAMILY = "1,2";
				TEST_HOST = "$(BUILT_PRODUCTS_DIR)/Notes.app/Notes";
			};
			name = AppMetrica;
		};
		EA3D5EC423E98B2600F10BA2 /* AppMetrica */ = {
			isa = XCBuildConfiguration;
			baseConfigurationReference = 3E74F6C9BF700E57F725B38B /* Pods-Notes-NotesUITests.appmetrica.xcconfig */;
			buildSettings = {
				ALWAYS_EMBED_SWIFT_STANDARD_LIBRARIES = YES;
				CODE_SIGN_STYLE = Automatic;
				INFOPLIST_FILE = NotesUITests/Info.plist;
				LD_RUNPATH_SEARCH_PATHS = (
					"$(inherited)",
					"@executable_path/Frameworks",
					"@loader_path/Frameworks",
				);
				PRODUCT_BUNDLE_IDENTIFIER = Magneet.NotesUITests;
				PRODUCT_NAME = "$(TARGET_NAME)";
				SWIFT_VERSION = 5.0;
				TARGETED_DEVICE_FAMILY = "1,2";
				TEST_TARGET_NAME = Notes;
			};
			name = AppMetrica;
		};
		EA6BE57623DB48B700066F39 /* Debug */ = {
			isa = XCBuildConfiguration;
			buildSettings = {
				ALWAYS_SEARCH_USER_PATHS = NO;
				CLANG_ANALYZER_NONNULL = YES;
				CLANG_ANALYZER_NUMBER_OBJECT_CONVERSION = YES_AGGRESSIVE;
				CLANG_CXX_LANGUAGE_STANDARD = "gnu++14";
				CLANG_CXX_LIBRARY = "libc++";
				CLANG_ENABLE_MODULES = YES;
				CLANG_ENABLE_OBJC_ARC = YES;
				CLANG_ENABLE_OBJC_WEAK = YES;
				CLANG_WARN_BLOCK_CAPTURE_AUTORELEASING = YES;
				CLANG_WARN_BOOL_CONVERSION = YES;
				CLANG_WARN_COMMA = YES;
				CLANG_WARN_CONSTANT_CONVERSION = YES;
				CLANG_WARN_DEPRECATED_OBJC_IMPLEMENTATIONS = YES;
				CLANG_WARN_DIRECT_OBJC_ISA_USAGE = YES_ERROR;
				CLANG_WARN_DOCUMENTATION_COMMENTS = YES;
				CLANG_WARN_EMPTY_BODY = YES;
				CLANG_WARN_ENUM_CONVERSION = YES;
				CLANG_WARN_INFINITE_RECURSION = YES;
				CLANG_WARN_INT_CONVERSION = YES;
				CLANG_WARN_NON_LITERAL_NULL_CONVERSION = YES;
				CLANG_WARN_OBJC_IMPLICIT_RETAIN_SELF = YES;
				CLANG_WARN_OBJC_LITERAL_CONVERSION = YES;
				CLANG_WARN_OBJC_ROOT_CLASS = YES_ERROR;
				CLANG_WARN_RANGE_LOOP_ANALYSIS = YES;
				CLANG_WARN_STRICT_PROTOTYPES = YES;
				CLANG_WARN_SUSPICIOUS_MOVE = YES;
				CLANG_WARN_UNGUARDED_AVAILABILITY = YES_AGGRESSIVE;
				CLANG_WARN_UNREACHABLE_CODE = YES;
				CLANG_WARN__DUPLICATE_METHOD_MATCH = YES;
				COPY_PHASE_STRIP = NO;
				DEBUG_INFORMATION_FORMAT = dwarf;
				ENABLE_STRICT_OBJC_MSGSEND = YES;
				ENABLE_TESTABILITY = YES;
				GCC_C_LANGUAGE_STANDARD = gnu11;
				GCC_DYNAMIC_NO_PIC = NO;
				GCC_NO_COMMON_BLOCKS = YES;
				GCC_OPTIMIZATION_LEVEL = 0;
				GCC_PREPROCESSOR_DEFINITIONS = (
					"DEBUG=1",
					"$(inherited)",
				);
				GCC_WARN_64_TO_32_BIT_CONVERSION = YES;
				GCC_WARN_ABOUT_RETURN_TYPE = YES_ERROR;
				GCC_WARN_UNDECLARED_SELECTOR = YES;
				GCC_WARN_UNINITIALIZED_AUTOS = YES_AGGRESSIVE;
				GCC_WARN_UNUSED_FUNCTION = YES;
				GCC_WARN_UNUSED_VARIABLE = YES;
				IPHONEOS_DEPLOYMENT_TARGET = 13.2;
				MTL_ENABLE_DEBUG_INFO = INCLUDE_SOURCE;
				MTL_FAST_MATH = YES;
				ONLY_ACTIVE_ARCH = YES;
				SDKROOT = iphoneos;
				SWIFT_ACTIVE_COMPILATION_CONDITIONS = DEBUG;
				SWIFT_OPTIMIZATION_LEVEL = "-Onone";
			};
			name = Debug;
		};
		EA6BE57723DB48B700066F39 /* Release */ = {
			isa = XCBuildConfiguration;
			buildSettings = {
				ALWAYS_SEARCH_USER_PATHS = NO;
				CLANG_ANALYZER_NONNULL = YES;
				CLANG_ANALYZER_NUMBER_OBJECT_CONVERSION = YES_AGGRESSIVE;
				CLANG_CXX_LANGUAGE_STANDARD = "gnu++14";
				CLANG_CXX_LIBRARY = "libc++";
				CLANG_ENABLE_MODULES = YES;
				CLANG_ENABLE_OBJC_ARC = YES;
				CLANG_ENABLE_OBJC_WEAK = YES;
				CLANG_WARN_BLOCK_CAPTURE_AUTORELEASING = YES;
				CLANG_WARN_BOOL_CONVERSION = YES;
				CLANG_WARN_COMMA = YES;
				CLANG_WARN_CONSTANT_CONVERSION = YES;
				CLANG_WARN_DEPRECATED_OBJC_IMPLEMENTATIONS = YES;
				CLANG_WARN_DIRECT_OBJC_ISA_USAGE = YES_ERROR;
				CLANG_WARN_DOCUMENTATION_COMMENTS = YES;
				CLANG_WARN_EMPTY_BODY = YES;
				CLANG_WARN_ENUM_CONVERSION = YES;
				CLANG_WARN_INFINITE_RECURSION = YES;
				CLANG_WARN_INT_CONVERSION = YES;
				CLANG_WARN_NON_LITERAL_NULL_CONVERSION = YES;
				CLANG_WARN_OBJC_IMPLICIT_RETAIN_SELF = YES;
				CLANG_WARN_OBJC_LITERAL_CONVERSION = YES;
				CLANG_WARN_OBJC_ROOT_CLASS = YES_ERROR;
				CLANG_WARN_RANGE_LOOP_ANALYSIS = YES;
				CLANG_WARN_STRICT_PROTOTYPES = YES;
				CLANG_WARN_SUSPICIOUS_MOVE = YES;
				CLANG_WARN_UNGUARDED_AVAILABILITY = YES_AGGRESSIVE;
				CLANG_WARN_UNREACHABLE_CODE = YES;
				CLANG_WARN__DUPLICATE_METHOD_MATCH = YES;
				COPY_PHASE_STRIP = NO;
				DEBUG_INFORMATION_FORMAT = "dwarf-with-dsym";
				ENABLE_NS_ASSERTIONS = NO;
				ENABLE_STRICT_OBJC_MSGSEND = YES;
				GCC_C_LANGUAGE_STANDARD = gnu11;
				GCC_NO_COMMON_BLOCKS = YES;
				GCC_WARN_64_TO_32_BIT_CONVERSION = YES;
				GCC_WARN_ABOUT_RETURN_TYPE = YES_ERROR;
				GCC_WARN_UNDECLARED_SELECTOR = YES;
				GCC_WARN_UNINITIALIZED_AUTOS = YES_AGGRESSIVE;
				GCC_WARN_UNUSED_FUNCTION = YES;
				GCC_WARN_UNUSED_VARIABLE = YES;
				IPHONEOS_DEPLOYMENT_TARGET = 13.2;
				MTL_ENABLE_DEBUG_INFO = NO;
				MTL_FAST_MATH = YES;
				ONLY_ACTIVE_ARCH = NO;
				SDKROOT = iphoneos;
				SWIFT_COMPILATION_MODE = wholemodule;
				SWIFT_OPTIMIZATION_LEVEL = "-O";
				VALIDATE_PRODUCT = YES;
			};
			name = Release;
		};
		EA6BE57923DB48B700066F39 /* Debug */ = {
			isa = XCBuildConfiguration;
			baseConfigurationReference = 3AE393425C3B146AF70357D7 /* Pods-Notes.debug.xcconfig */;
			buildSettings = {
				ASSETCATALOG_COMPILER_APPICON_NAME = AppIcon;
				CODE_SIGN_STYLE = Automatic;
				INFOPLIST_FILE = Notes/Info.plist;
				LD_RUNPATH_SEARCH_PATHS = (
					"$(inherited)",
					"@executable_path/Frameworks",
				);
				PRODUCT_BUNDLE_IDENTIFIER = Magneet.Notes;
				PRODUCT_NAME = "$(TARGET_NAME)";
				SWIFT_VERSION = 5.0;
				TARGETED_DEVICE_FAMILY = 1;
			};
			name = Debug;
		};
		EA6BE57A23DB48B700066F39 /* Release */ = {
			isa = XCBuildConfiguration;
			baseConfigurationReference = 05E7F489E1C8F6A2C43DF514 /* Pods-Notes.release.xcconfig */;
			buildSettings = {
				ASSETCATALOG_COMPILER_APPICON_NAME = AppIcon;
				CODE_SIGN_STYLE = Automatic;
				INFOPLIST_FILE = Notes/Info.plist;
				LD_RUNPATH_SEARCH_PATHS = (
					"$(inherited)",
					"@executable_path/Frameworks",
				);
				ONLY_ACTIVE_ARCH = NO;
				PRODUCT_BUNDLE_IDENTIFIER = Magneet.Notes;
				PRODUCT_NAME = "$(TARGET_NAME)";
				SWIFT_VERSION = 5.0;
				TARGETED_DEVICE_FAMILY = 1;
			};
			name = Release;
		};
		EA6BE57C23DB48B700066F39 /* Debug */ = {
			isa = XCBuildConfiguration;
			baseConfigurationReference = DC65C339A74B98CEDEB8F5DA /* Pods-NotesTests.debug.xcconfig */;
			buildSettings = {
				ALWAYS_EMBED_SWIFT_STANDARD_LIBRARIES = YES;
				BUNDLE_LOADER = "$(TEST_HOST)";
				CODE_SIGN_STYLE = Automatic;
				INFOPLIST_FILE = NotesTests/Info.plist;
				IPHONEOS_DEPLOYMENT_TARGET = 13.2;
				LD_RUNPATH_SEARCH_PATHS = (
					"$(inherited)",
					"@executable_path/Frameworks",
					"@loader_path/Frameworks",
				);
				PRODUCT_BUNDLE_IDENTIFIER = Magneet.NotesTests;
				PRODUCT_NAME = "$(TARGET_NAME)";
				SWIFT_VERSION = 5.0;
				TARGETED_DEVICE_FAMILY = "1,2";
				TEST_HOST = "$(BUILT_PRODUCTS_DIR)/Notes.app/Notes";
			};
			name = Debug;
		};
		EA6BE57D23DB48B700066F39 /* Release */ = {
			isa = XCBuildConfiguration;
			baseConfigurationReference = 0A7EDE1B2F36FB15FB67DD6B /* Pods-NotesTests.release.xcconfig */;
			buildSettings = {
				ALWAYS_EMBED_SWIFT_STANDARD_LIBRARIES = YES;
				BUNDLE_LOADER = "$(TEST_HOST)";
				CODE_SIGN_STYLE = Automatic;
				INFOPLIST_FILE = NotesTests/Info.plist;
				IPHONEOS_DEPLOYMENT_TARGET = 13.2;
				LD_RUNPATH_SEARCH_PATHS = (
					"$(inherited)",
					"@executable_path/Frameworks",
					"@loader_path/Frameworks",
				);
				PRODUCT_BUNDLE_IDENTIFIER = Magneet.NotesTests;
				PRODUCT_NAME = "$(TARGET_NAME)";
				SWIFT_VERSION = 5.0;
				TARGETED_DEVICE_FAMILY = "1,2";
				TEST_HOST = "$(BUILT_PRODUCTS_DIR)/Notes.app/Notes";
			};
			name = Release;
		};
		EA6BE57F23DB48B700066F39 /* Debug */ = {
			isa = XCBuildConfiguration;
			baseConfigurationReference = 99045DDC59FEBECEA5BBE616 /* Pods-Notes-NotesUITests.debug.xcconfig */;
			buildSettings = {
				ALWAYS_EMBED_SWIFT_STANDARD_LIBRARIES = YES;
				CODE_SIGN_STYLE = Automatic;
				INFOPLIST_FILE = NotesUITests/Info.plist;
				LD_RUNPATH_SEARCH_PATHS = (
					"$(inherited)",
					"@executable_path/Frameworks",
					"@loader_path/Frameworks",
				);
				PRODUCT_BUNDLE_IDENTIFIER = Magneet.NotesUITests;
				PRODUCT_NAME = "$(TARGET_NAME)";
				SWIFT_VERSION = 5.0;
				TARGETED_DEVICE_FAMILY = "1,2";
				TEST_TARGET_NAME = Notes;
			};
			name = Debug;
		};
		EA6BE58023DB48B700066F39 /* Release */ = {
			isa = XCBuildConfiguration;
			baseConfigurationReference = BD3EA4635A558DE6117A3092 /* Pods-Notes-NotesUITests.release.xcconfig */;
			buildSettings = {
				ALWAYS_EMBED_SWIFT_STANDARD_LIBRARIES = YES;
				CODE_SIGN_STYLE = Automatic;
				INFOPLIST_FILE = NotesUITests/Info.plist;
				LD_RUNPATH_SEARCH_PATHS = (
					"$(inherited)",
					"@executable_path/Frameworks",
					"@loader_path/Frameworks",
				);
				PRODUCT_BUNDLE_IDENTIFIER = Magneet.NotesUITests;
				PRODUCT_NAME = "$(TARGET_NAME)";
				SWIFT_VERSION = 5.0;
				TARGETED_DEVICE_FAMILY = "1,2";
				TEST_TARGET_NAME = Notes;
			};
			name = Release;
		};
/* End XCBuildConfiguration section */

/* Begin XCConfigurationList section */
		EA6BE54923DB48B200066F39 /* Build configuration list for PBXProject "Notes" */ = {
			isa = XCConfigurationList;
			buildConfigurations = (
				EA6BE57623DB48B700066F39 /* Debug */,
				EA6BE57723DB48B700066F39 /* Release */,
				EA3D5EC123E98B2600F10BA2 /* AppMetrica */,
			);
			defaultConfigurationIsVisible = 0;
			defaultConfigurationName = Release;
		};
		EA6BE57823DB48B700066F39 /* Build configuration list for PBXNativeTarget "Notes" */ = {
			isa = XCConfigurationList;
			buildConfigurations = (
				EA6BE57923DB48B700066F39 /* Debug */,
				EA6BE57A23DB48B700066F39 /* Release */,
				EA3D5EC223E98B2600F10BA2 /* AppMetrica */,
			);
			defaultConfigurationIsVisible = 0;
			defaultConfigurationName = Release;
		};
		EA6BE57B23DB48B700066F39 /* Build configuration list for PBXNativeTarget "NotesTests" */ = {
			isa = XCConfigurationList;
			buildConfigurations = (
				EA6BE57C23DB48B700066F39 /* Debug */,
				EA6BE57D23DB48B700066F39 /* Release */,
				EA3D5EC323E98B2600F10BA2 /* AppMetrica */,
			);
			defaultConfigurationIsVisible = 0;
			defaultConfigurationName = Release;
		};
		EA6BE57E23DB48B700066F39 /* Build configuration list for PBXNativeTarget "NotesUITests" */ = {
			isa = XCConfigurationList;
			buildConfigurations = (
				EA6BE57F23DB48B700066F39 /* Debug */,
				EA6BE58023DB48B700066F39 /* Release */,
				EA3D5EC423E98B2600F10BA2 /* AppMetrica */,
			);
			defaultConfigurationIsVisible = 0;
			defaultConfigurationName = Release;
		};
/* End XCConfigurationList section */
	};
	rootObject = EA6BE54623DB48B200066F39 /* Project object */;
}
